// !$*UTF8*$!
{
	archiveVersion = 1;
	classes = {
	};
	objectVersion = 46;
	objects = {

/* Begin PBXBuildFile section */
		718963AB1BE028CF003F2456 /* AppDelegate.swift in Sources */ = {isa = PBXBuildFile; fileRef = 718963AA1BE028CF003F2456 /* AppDelegate.swift */; };
		718963AD1BE028CF003F2456 /* ViewController.swift in Sources */ = {isa = PBXBuildFile; fileRef = 718963AC1BE028CF003F2456 /* ViewController.swift */; };
		718963B01BE028CF003F2456 /* Main.storyboard in Resources */ = {isa = PBXBuildFile; fileRef = 718963AE1BE028CF003F2456 /* Main.storyboard */; };
		718963B21BE028CF003F2456 /* Assets.xcassets in Resources */ = {isa = PBXBuildFile; fileRef = 718963B11BE028CF003F2456 /* Assets.xcassets */; };
		718963B51BE028CF003F2456 /* LaunchScreen.storyboard in Resources */ = {isa = PBXBuildFile; fileRef = 718963B31BE028CF003F2456 /* LaunchScreen.storyboard */; };
/* End PBXBuildFile section */

/* Begin PBXFileReference section */
		718963A71BE028CF003F2456 /* LoveYou.app */ = {isa = PBXFileReference; explicitFileType = wrapper.application; includeInIndex = 0; path = LoveYou.app; sourceTree = BUILT_PRODUCTS_DIR; };
		718963AA1BE028CF003F2456 /* AppDelegate.swift */ = {isa = PBXFileReference; lastKnownFileType = sourcecode.swift; path = AppDelegate.swift; sourceTree = "<group>"; };
		718963AC1BE028CF003F2456 /* ViewController.swift */ = {isa = PBXFileReference; lastKnownFileType = sourcecode.swift; path = ViewController.swift; sourceTree = "<group>"; };
		718963AF1BE028CF003F2456 /* Base */ = {isa = PBXFileReference; lastKnownFileType = file.storyboard; name = Base; path = Base.lproj/Main.storyboard; sourceTree = "<group>"; };
		718963B11BE028CF003F2456 /* Assets.xcassets */ = {isa = PBXFileReference; lastKnownFileType = folder.assetcatalog; path = Assets.xcassets; sourceTree = "<group>"; };
		718963B41BE028CF003F2456 /* Base */ = {isa = PBXFileReference; lastKnownFileType = file.storyboard; name = Base; path = Base.lproj/LaunchScreen.storyboard; sourceTree = "<group>"; };
		718963B61BE028CF003F2456 /* Info.plist */ = {isa = PBXFileReference; lastKnownFileType = text.plist.xml; path = Info.plist; sourceTree = "<group>"; };
/* End PBXFileReference section */

/* Begin PBXFrameworksBuildPhase section */
		718963A41BE028CF003F2456 /* Frameworks */ = {
			isa = PBXFrameworksBuildPhase;
			buildActionMask = 2147483647;
			files = (
			);
			runOnlyForDeploymentPostprocessing = 0;
		};
/* End PBXFrameworksBuildPhase section */

/* Begin PBXGroup section */
		7189639E1BE028CF003F2456 = {
			isa = PBXGroup;
			children = (
				718963A91BE028CF003F2456 /* LoveYou */,
				718963A81BE028CF003F2456 /* Products */,
			);
			sourceTree = "<group>";
		};
		718963A81BE028CF003F2456 /* Products */ = {
			isa = PBXGroup;
			children = (
				718963A71BE028CF003F2456 /* LoveYou.app */,
			);
			name = Products;
			sourceTree = "<group>";
		};
		718963A91BE028CF003F2456 /* LoveYou */ = {
			isa = PBXGroup;
			children = (
				718963AA1BE028CF003F2456 /* AppDelegate.swift */,
				718963AC1BE028CF003F2456 /* ViewController.swift */,
				718963AE1BE028CF003F2456 /* Main.storyboard */,
				718963B11BE028CF003F2456 /* Assets.xcassets */,
				718963B31BE028CF003F2456 /* LaunchScreen.storyboard */,
				718963B61BE028CF003F2456 /* Info.plist */,
			);
			path = LoveYou;
			sourceTree = "<group>";
		};
/* End PBXGroup section */

/* Begin PBXNativeTarget section */
		718963A61BE028CF003F2456 /* LoveYou */ = {
			isa = PBXNativeTarget;
			buildConfigurationList = 718963B91BE028CF003F2456 /* Build configuration list for PBXNativeTarget "LoveYou" */;
			buildPhases = (
				718963A31BE028CF003F2456 /* Sources */,
				718963A41BE028CF003F2456 /* Frameworks */,
				718963A51BE028CF003F2456 /* Resources */,
			);
			buildRules = (
			);
			dependencies = (
			);
			name = LoveYou;
			productName = LoveYou;
			productReference = 718963A71BE028CF003F2456 /* LoveYou.app */;
			productType = "com.apple.product-type.application";
		};
/* End PBXNativeTarget section */

/* Begin PBXProject section */
		7189639F1BE028CF003F2456 /* Project object */ = {
			isa = PBXProject;
			attributes = {
				LastSwiftUpdateCheck = 0710;
				LastUpgradeCheck = 0710;
				ORGANIZATIONNAME = PatchWork;
				TargetAttributes = {
					718963A61BE028CF003F2456 = {
						CreatedOnToolsVersion = 7.1;
						DevelopmentTeam = 9D3AY7C5NW;
					};
				};
			};
			buildConfigurationList = 718963A21BE028CF003F2456 /* Build configuration list for PBXProject "LoveYou" */;
			compatibilityVersion = "Xcode 3.2";
			developmentRegion = English;
			hasScannedForEncodings = 0;
			knownRegions = (
				en,
				Base,
			);
			mainGroup = 7189639E1BE028CF003F2456;
			productRefGroup = 718963A81BE028CF003F2456 /* Products */;
			projectDirPath = "";
			projectRoot = "";
			targets = (
				718963A61BE028CF003F2456 /* LoveYou */,
			);
		};
/* End PBXProject section */

/* Begin PBXResourcesBuildPhase section */
		718963A51BE028CF003F2456 /* Resources */ = {
			isa = PBXResourcesBuildPhase;
			buildActionMask = 2147483647;
			files = (
				718963B51BE028CF003F2456 /* LaunchScreen.storyboard in Resources */,
				718963B21BE028CF003F2456 /* Assets.xcassets in Resources */,
				718963B01BE028CF003F2456 /* Main.storyboard in Resources */,
			);
			runOnlyForDeploymentPostprocessing = 0;
		};
/* End PBXResourcesBuildPhase section */

/* Begin PBXSourcesBuildPhase section */
		718963A31BE028CF003F2456 /* Sources */ = {
			isa = PBXSourcesBuildPhase;
			buildActionMask = 2147483647;
			files = (
				718963AD1BE028CF003F2456 /* ViewController.swift in Sources */,
				718963AB1BE028CF003F2456 /* AppDelegate.swift in Sources */,
			);
			runOnlyForDeploymentPostprocessing = 0;
		};
/* End PBXSourcesBuildPhase section */

/* Begin PBXVariantGroup section */
		718963AE1BE028CF003F2456 /* Main.storyboard */ = {
			isa = PBXVariantGroup;
			children = (
				718963AF1BE028CF003F2456 /* Base */,
			);
			name = Main.storyboard;
			sourceTree = "<group>";
		};
		718963B31BE028CF003F2456 /* LaunchScreen.storyboard */ = {
			isa = PBXVariantGroup;
			children = (
				718963B41BE028CF003F2456 /* Base */,
			);
			name = LaunchScreen.storyboard;
			sourceTree = "<group>";
		};
/* End PBXVariantGroup section */

/* Begin XCBuildConfiguration section */
		718963B71BE028CF003F2456 /* Debug */ = {
			isa = XCBuildConfiguration;
			buildSettings = {
				ALWAYS_SEARCH_USER_PATHS = NO;
				CLANG_CXX_LANGUAGE_STANDARD = "gnu++0x";
				CLANG_CXX_LIBRARY = "libc++";
				CLANG_ENABLE_MODULES = YES;
				CLANG_ENABLE_OBJC_ARC = YES;
				CLANG_WARN_BOOL_CONVERSION = YES;
				CLANG_WARN_CONSTANT_CONVERSION = YES;
				CLANG_WARN_DIRECT_OBJC_ISA_USAGE = YES_ERROR;
				CLANG_WARN_EMPTY_BODY = YES;
				CLANG_WARN_ENUM_CONVERSION = YES;
				CLANG_WARN_INT_CONVERSION = YES;
				CLANG_WARN_OBJC_ROOT_CLASS = YES_ERROR;
				CLANG_WARN_UNREACHABLE_CODE = YES;
				CLANG_WARN__DUPLICATE_METHOD_MATCH = YES;
				"CODE_SIGN_IDENTITY[sdk=iphoneos*]" = "iPhone Developer";
				COPY_PHASE_STRIP = NO;
				DEBUG_INFORMATION_FORMAT = dwarf;
				ENABLE_STRICT_OBJC_MSGSEND = YES;
				ENABLE_TESTABILITY = YES;
				GCC_C_LANGUAGE_STANDARD = gnu99;
				GCC_DYNAMIC_NO_PIC = NO;
				GCC_NO_COMMON_BLOCKS = YES;
				GCC_OPTIMIZATION_LEVEL = 0;
				GCC_PREPROCESSOR_DEFINITIONS = (
					"DEBUG=1",
					"$(inherited)",
				);
				GCC_WARN_64_TO_32_BIT_CONVERSION = YES;
				GCC_WARN_ABOUT_RETURN_TYPE = YES_ERROR;
				GCC_WARN_UNDECLARED_SELECTOR = YES;
				GCC_WARN_UNINITIALIZED_AUTOS = YES_AGGRESSIVE;
				GCC_WARN_UNUSED_FUNCTION = YES;
				GCC_WARN_UNUSED_VARIABLE = YES;
				IPHONEOS_DEPLOYMENT_TARGET = 9.1;
				MTL_ENABLE_DEBUG_INFO = YES;
				ONLY_ACTIVE_ARCH = YES;
				SDKROOT = iphoneos;
				SWIFT_OPTIMIZATION_LEVEL = "-Onone";
				TARGETED_DEVICE_FAMILY = "1,2";
			};
			name = Debug;
		};
		718963B81BE028CF003F2456 /* Release */ = {
			isa = XCBuildConfiguration;
			buildSettings = {
				ALWAYS_SEARCH_USER_PATHS = NO;
				CLANG_CXX_LANGUAGE_STANDARD = "gnu++0x";
				CLANG_CXX_LIBRARY = "libc++";
				CLANG_ENABLE_MODULES = YES;
				CLANG_ENABLE_OBJC_ARC = YES;
				CLANG_WARN_BOOL_CONVERSION = YES;
				CLANG_WARN_CONSTANT_CONVERSION = YES;
				CLANG_WARN_DIRECT_OBJC_ISA_USAGE = YES_ERROR;
				CLANG_WARN_EMPTY_BODY = YES;
				CLANG_WARN_ENUM_CONVERSION = YES;
				CLANG_WARN_INT_CONVERSION = YES;
				CLANG_WARN_OBJC_ROOT_CLASS = YES_ERROR;
				CLANG_WARN_UNREACHABLE_CODE = YES;
				CLANG_WARN__DUPLICATE_METHOD_MATCH = YES;
				"CODE_SIGN_IDENTITY[sdk=iphoneos*]" = "iPhone Developer";
				COPY_PHASE_STRIP = NO;
				DEBUG_INFORMATION_FORMAT = "dwarf-with-dsym";
				ENABLE_NS_ASSERTIONS = NO;
				ENABLE_STRICT_OBJC_MSGSEND = YES;
				GCC_C_LANGUAGE_STANDARD = gnu99;
				GCC_NO_COMMON_BLOCKS = YES;
				GCC_WARN_64_TO_32_BIT_CONVERSION = YES;
				GCC_WARN_ABOUT_RETURN_TYPE = YES_ERROR;
				GCC_WARN_UNDECLARED_SELECTOR = YES;
				GCC_WARN_UNINITIALIZED_AUTOS = YES_AGGRESSIVE;
				GCC_WARN_UNUSED_FUNCTION = YES;
				GCC_WARN_UNUSED_VARIABLE = YES;
				IPHONEOS_DEPLOYMENT_TARGET = 9.1;
				MTL_ENABLE_DEBUG_INFO = NO;
				SDKROOT = iphoneos;
				TARGETED_DEVICE_FAMILY = "1,2";
				VALIDATE_PRODUCT = YES;
			};
			name = Release;
		};
		718963BA1BE028CF003F2456 /* Debug */ = {
			isa = XCBuildConfiguration;
			buildSettings = {
				ASSETCATALOG_COMPILER_APPICON_NAME = AppIcon;
				CODE_SIGN_IDENTITY = "iPhone Developer";
				"CODE_SIGN_IDENTITY[sdk=iphoneos*]" = "iPhone Developer";
				INFOPLIST_FILE = LoveYou/Info.plist;
				LD_RUNPATH_SEARCH_PATHS = "$(inherited) @executable_path/Frameworks";
				PRODUCT_BUNDLE_IDENTIFIER = com.patchwork.LoveYou;
				PRODUCT_NAME = "$(TARGET_NAME)";
				PROVISIONING_PROFILE = "";
			};
			name = Debug;
		};
		718963BB1BE028CF003F2456 /* Release */ = {
			isa = XCBuildConfiguration;
			buildSettings = {
				ASSETCATALOG_COMPILER_APPICON_NAME = AppIcon;
				CODE_SIGN_IDENTITY = "iPhone Developer";
				"CODE_SIGN_IDENTITY[sdk=iphoneos*]" = "iPhone Developer";
				INFOPLIST_FILE = LoveYou/Info.plist;
				LD_RUNPATH_SEARCH_PATHS = "$(inherited) @executable_path/Frameworks";
				PRODUCT_BUNDLE_IDENTIFIER = com.patchwork.LoveYou;
				PRODUCT_NAME = "$(TARGET_NAME)";
				PROVISIONING_PROFILE = "";
			};
			name = Release;
		};
/* End XCBuildConfiguration section */

/* Begin XCConfigurationList section */
		718963A21BE028CF003F2456 /* Build configuration list for PBXProject "LoveYou" */ = {
			isa = XCConfigurationList;
			buildConfigurations = (
				718963B71BE028CF003F2456 /* Debug */,
				718963B81BE028CF003F2456 /* Release */,
			);
			defaultConfigurationIsVisible = 0;
			defaultConfigurationName = Release;
		};
		718963B91BE028CF003F2456 /* Build configuration list for PBXNativeTarget "LoveYou" */ = {
			isa = XCConfigurationList;
			buildConfigurations = (
				718963BA1BE028CF003F2456 /* Debug */,
				718963BB1BE028CF003F2456 /* Release */,
			);
			defaultConfigurationIsVisible = 0;
		};
/* End XCConfigurationList section */
	};
	rootObject = 7189639F1BE028CF003F2456 /* Project object */;
}
